<?xml version="1.0" encoding="utf-8"?>
<Project ToolsVersion="4.0" xmlns="http://schemas.microsoft.com/developer/msbuild/2003">
  <ItemGroup>
    <Filter Include="源文件">
      <UniqueIdentifier>{4FC737F1-C7A5-4376-A066-2A32D752A2FF}</UniqueIdentifier>
      <Extensions>cpp;c;cc;cxx;def;odl;idl;hpj;bat;asm;asmx</Extensions>
    </Filter>
    <Filter Include="头文件">
      <UniqueIdentifier>{93995380-89BD-4b04-88EB-625FBE52EBFB}</UniqueIdentifier>
      <Extensions>h;hpp;hxx;hm;inl;inc;xsd</Extensions>
    </Filter>
    <Filter Include="资源文件">
      <UniqueIdentifier>{67DA6AB6-F800-4c08-8B7A-83BB121AAD01}</UniqueIdentifier>
      <Extensions>rc;ico;cur;bmp;dlg;rc2;rct;bin;rgs;gif;jpg;jpeg;jpe;resx;tiff;tif;png;wav;mfcribbon-ms</Extensions>
    </Filter>
    <Filter Include="FrameWndDemo">
      <UniqueIdentifier>{6b807c7d-040e-4efc-9e2f-30ec111dcc7f}</UniqueIdentifier>
    </Filter>
    <Filter Include="cef_simple">
      <UniqueIdentifier>{2b9e355d-9d92-4cc1-b090-f04c76f1b78d}</UniqueIdentifier>
    </Filter>
    <Filter Include="extended_control">
      <UniqueIdentifier>{3f75d4af-c9f7-418a-af2e-7e69faf19c2d}</UniqueIdentifier>
    </Filter>
  </ItemGroup>
  <ItemGroup>
    <ClCompile Include="main.cpp">
      <Filter>源文件</Filter>
    </ClCompile>
    <ClCompile Include="FrameWndDemo\FirstFrameWnd.cpp">
      <Filter>FrameWndDemo</Filter>
    </ClCompile>
    <ClCompile Include="FrameWndDemo\SecondFrameWnd.cpp">
      <Filter>FrameWndDemo</Filter>
    </ClCompile>
    <ClCompile Include="cef_simple\simple_app.cpp">
      <Filter>cef_simple</Filter>
    </ClCompile>
    <ClCompile Include="cef_simple\simple_handler.cpp">
      <Filter>cef_simple</Filter>
    </ClCompile>
    <ClCompile Include="FrameWndDemo\EntryFrameWnd.cpp">
      <Filter>FrameWndDemo</Filter>
    </ClCompile>
    <ClCompile Include="FrameWndDemo\ListControSimplelFrameWnd.cpp">
      <Filter>FrameWndDemo</Filter>
    </ClCompile>
    <ClCompile Include="FrameWndDemo\ListControlVirtualContainerFrameWnd.cpp">
      <Filter>FrameWndDemo</Filter>
    </ClCompile>
    <ClCompile Include="extended_control\list_pro_ui.cpp">
      <Filter>extended_control</Filter>
    </ClCompile>
    <ClCompile Include="FrameWndDemo\CefBrowserSimpleFrameWnd.cpp">
      <Filter>FrameWndDemo</Filter>
    </ClCompile>
    <ClCompile Include="FrameWndDemo\CefBrowserClientFrameWnd.cpp">
      <Filter>FrameWndDemo</Filter>
    </ClCompile>
    <ClCompile Include="FrameWndDemo\DuilibFrameDemoWnd.cpp">
      <Filter>FrameWndDemo</Filter>
    </ClCompile>
    <ClCompile Include="FrameWndDemo\ImageDemoFrameWnd.cpp">
      <Filter>FrameWndDemo</Filter>
    </ClCompile>
    <ClCompile Include="FrameWndDemo\VtkDemoFrameWnd.cpp">
      <Filter>FrameWndDemo</Filter>
    </ClCompile>
  </ItemGroup>
  <ItemGroup>
    <ClInclude Include="FrameWndDemo\FirstFrameWnd.h">
      <Filter>FrameWndDemo</Filter>
    </ClInclude>
    <ClInclude Include="FrameWndDemo\SecondFrameWnd.h">
      <Filter>FrameWndDemo</Filter>
    </ClInclude>
    <ClInclude Include="cef_simple\simple_app.h">
      <Filter>cef_simple</Filter>
    </ClInclude>
    <ClInclude Include="cef_simple\simple_handler.h">
      <Filter>cef_simple</Filter>
    </ClInclude>
    <ClInclude Include="FrameWndDemo\EntryFrameWnd.h">
      <Filter>FrameWndDemo</Filter>
    </ClInclude>
    <ClInclude Include="FrameWndDemo\ListControSimplelFrameWnd.h">
      <Filter>FrameWndDemo</Filter>
    </ClInclude>
    <ClInclude Include="FrameWndDemo\ListControlVirtualContainerFrameWnd.h">
      <Filter>FrameWndDemo</Filter>
    </ClInclude>
    <ClInclude Include="extended_control\list_pro_ui.h">
      <Filter>extended_control</Filter>
    </ClInclude>
    <ClInclude Include="FrameWndDemo\CefBrowserSimpleFrameWnd.h">
      <Filter>FrameWndDemo</Filter>
    </ClInclude>
    <ClInclude Include="FrameWndDemo\CefBrowserClientFrameWnd.h">
      <Filter>FrameWndDemo</Filter>
    </ClInclude>
    <ClInclude Include="FrameWndDemo\DuilibFrameDemoWnd.h">
      <Filter>FrameWndDemo</Filter>
    </ClInclude>
    <ClInclude Include="FrameWndDemo\ImageDemoFrameWnd.h">
      <Filter>FrameWndDemo</Filter>
    </ClInclude>
    <ClInclude Include="FrameWndDemo\VtkDemoFrameWnd.h">
      <Filter>FrameWndDemo</Filter>
    </ClInclude>
  </ItemGroup>
</Project>